
Microsoft Visual Studio Solution File, Format Version 12.00
# Visual Studio Version 16
VisualStudioVersion = 16.0.31112.23
MinimumVisualStudioVersion = 10.0.40219.1
Project("{00D1A9C2-B5F0-4AF3-8072-F6C62B433612}") = "DBFilmLabo", "..\..\LABO\DBFilmLabo\DBFilmLabo.sqlproj", "{83E4A73F-1E4E-4D0B-8FC1-32520B4B5FA4}"
EndProject
Project("{9A19103F-16F7-4668-BE54-9A1E7A4F7556}") = "Api.Labo.DAL", "Api.Labo.DAL\Api.Labo.DAL.csproj", "{9DB998ED-C901-4F03-98C6-6FD6A8122C07}"
EndProject
Project("{9A19103F-16F7-4668-BE54-9A1E7A4F7556}") = "Api.Tools", "Api.Tools\Api.Tools.csproj", "{F567FE48-018D-4861-954C-B2D87AF06C50}"
EndProject
Project("{FAE04EC0-301F-11D3-BF4B-00C04F79EFBC}") = "APIFilmLabo", "APIFilmLabo\APIFilmLabo.csproj", "{2FBAD87A-09A8-447F-BF9C-894C3D137828}"
EndProject
Global
	GlobalSection(SolutionConfigurationPlatforms) = preSolution
		Debug|Any CPU = Debug|Any CPU
		Release|Any CPU = Release|Any CPU
	EndGlobalSection
	GlobalSection(ProjectConfigurationPlatforms) = postSolution
		{83E4A73F-1E4E-4D0B-8FC1-32520B4B5FA4}.Debug|Any CPU.ActiveCfg = Debug|Any CPU
		{83E4A73F-1E4E-4D0B-8FC1-32520B4B5FA4}.Debug|Any CPU.Build.0 = Debug|Any CPU
		{83E4A73F-1E4E-4D0B-8FC1-32520B4B5FA4}.Debug|Any CPU.Deploy.0 = Debug|Any CPU
		{83E4A73F-1E4E-4D0B-8FC1-32520B4B5FA4}.Release|Any CPU.ActiveCfg = Release|Any CPU
		{83E4A73F-1E4E-4D0B-8FC1-32520B4B5FA4}.Release|Any CPU.Build.0 = Release|Any CPU
		{83E4A73F-1E4E-4D0B-8FC1-32520B4B5FA4}.Release|Any CPU.Deploy.0 = Release|Any CPU
		{9DB998ED-C901-4F03-98C6-6FD6A8122C07}.Debug|Any CPU.ActiveCfg = Debug|Any CPU
		{9DB998ED-C901-4F03-98C6-6FD6A8122C07}.Debug|Any CPU.Build.0 = Debug|Any CPU
		{9DB998ED-C901-4F03-98C6-6FD6A8122C07}.Release|Any CPU.ActiveCfg = Release|Any CPU
		{9DB998ED-C901-4F03-98C6-6FD6A8122C07}.Release|Any CPU.Build.0 = Release|Any CPU
		{F567FE48-018D-4861-954C-B2D87AF06C50}.Debug|Any CPU.ActiveCfg = Debug|Any CPU
		{F567FE48-018D-4861-954C-B2D87AF06C50}.Debug|Any CPU.Build.0 = Debug|Any CPU
		{F567FE48-018D-4861-954C-B2D87AF06C50}.Release|Any CPU.ActiveCfg = Release|Any CPU
		{F567FE48-018D-4861-954C-B2D87AF06C50}.Release|Any CPU.Build.0 = Release|Any CPU
		{2FBAD87A-09A8-447F-BF9C-894C3D137828}.Debug|Any CPU.ActiveCfg = Debug|Any CPU
		{2FBAD87A-09A8-447F-BF9C-894C3D137828}.Debug|Any CPU.Build.0 = Debug|Any CPU
		{2FBAD87A-09A8-447F-BF9C-894C3D137828}.Release|Any CPU.ActiveCfg = Release|Any CPU
		{2FBAD87A-09A8-447F-BF9C-894C3D137828}.Release|Any CPU.Build.0 = Release|Any CPU
	EndGlobalSection
	GlobalSection(SolutionProperties) = preSolution
		HideSolutionNode = FALSE
	EndGlobalSection
	GlobalSection(ExtensibilityGlobals) = postSolution
		SolutionGuid = {1BACD77C-0AD0-494C-AAEB-803512460623}
	EndGlobalSection
EndGlobal
